// !$*UTF8*$!
{
	archiveVersion = 1;
	classes = {
	};
	objectVersion = 46;
	objects = {

/* Begin PBXBuildFile section */
		2B63A69B1BDCD50600C7137A /* AppDelegate.m in Sources */ = {isa = PBXBuildFile; fileRef = 2B63A69A1BDCD50600C7137A /* AppDelegate.m */; };
		2B63A69E1BDCD50600C7137A /* main.m in Sources */ = {isa = PBXBuildFile; fileRef = 2B63A69D1BDCD50600C7137A /* main.m */; };
		2B63A6A01BDCD50600C7137A /* Assets.xcassets in Resources */ = {isa = PBXBuildFile; fileRef = 2B63A69F1BDCD50600C7137A /* Assets.xcassets */; };
		2B63A6A31BDCD50600C7137A /* MainMenu.xib in Resources */ = {isa = PBXBuildFile; fileRef = 2B63A6A11BDCD50600C7137A /* MainMenu.xib */; };
/* End PBXBuildFile section */

/* Begin PBXFileReference section */
		2B63A6961BDCD50600C7137A /* CallbackNotify.app */ = {isa = PBXFileReference; explicitFileType = wrapper.application; includeInIndex = 0; path = CallbackNotify.app; sourceTree = BUILT_PRODUCTS_DIR; };
		2B63A6991BDCD50600C7137A /* AppDelegate.h */ = {isa = PBXFileReference; lastKnownFileType = sourcecode.c.h; path = AppDelegate.h; sourceTree = "<group>"; };
		2B63A69A1BDCD50600C7137A /* AppDelegate.m */ = {isa = PBXFileReference; lastKnownFileType = sourcecode.c.objc; path = AppDelegate.m; sourceTree = "<group>"; };
		2B63A69D1BDCD50600C7137A /* main.m */ = {isa = PBXFileReference; lastKnownFileType = sourcecode.c.objc; path = main.m; sourceTree = "<group>"; };
		2B63A69F1BDCD50600C7137A /* Assets.xcassets */ = {isa = PBXFileReference; lastKnownFileType = folder.assetcatalog; path = Assets.xcassets; sourceTree = "<group>"; };
		2B63A6A21BDCD50600C7137A /* Base */ = {isa = PBXFileReference; lastKnownFileType = file.xib; name = Base; path = Base.lproj/MainMenu.xib; sourceTree = "<group>"; };
		2B63A6A41BDCD50600C7137A /* Info.plist */ = {isa = PBXFileReference; lastKnownFileType = text.plist.xml; path = Info.plist; sourceTree = "<group>"; };
/* End PBXFileReference section */

/* Begin PBXFrameworksBuildPhase section */
		2B63A6931BDCD50600C7137A /* Frameworks */ = {
			isa = PBXFrameworksBuildPhase;
			buildActionMask = 2147483647;
			files = (
			);
			runOnlyForDeploymentPostprocessing = 0;
		};
/* End PBXFrameworksBuildPhase section */

/* Begin PBXGroup section */
		2B63A68D1BDCD50600C7137A = {
			isa = PBXGroup;
			children = (
				2B63A6981BDCD50600C7137A /* CallbackNotify */,
				2B63A6971BDCD50600C7137A /* Products */,
			);
			sourceTree = "<group>";
		};
		2B63A6971BDCD50600C7137A /* Products */ = {
			isa = PBXGroup;
			children = (
				2B63A6961BDCD50600C7137A /* CallbackNotify.app */,
			);
			name = Products;
			sourceTree = "<group>";
		};
		2B63A6981BDCD50600C7137A /* CallbackNotify */ = {
			isa = PBXGroup;
			children = (
				2B63A6991BDCD50600C7137A /* AppDelegate.h */,
				2B63A69A1BDCD50600C7137A /* AppDelegate.m */,
				2B63A69F1BDCD50600C7137A /* Assets.xcassets */,
				2B63A6A11BDCD50600C7137A /* MainMenu.xib */,
				2B63A6A41BDCD50600C7137A /* Info.plist */,
				2B63A69C1BDCD50600C7137A /* Supporting Files */,
			);
			path = CallbackNotify;
			sourceTree = "<group>";
		};
		2B63A69C1BDCD50600C7137A /* Supporting Files */ = {
			isa = PBXGroup;
			children = (
				2B63A69D1BDCD50600C7137A /* main.m */,
			);
			name = "Supporting Files";
			sourceTree = "<group>";
		};
/* End PBXGroup section */

/* Begin PBXNativeTarget section */
		2B63A6951BDCD50600C7137A /* CallbackNotify */ = {
			isa = PBXNativeTarget;
			buildConfigurationList = 2B63A6A71BDCD50600C7137A /* Build configuration list for PBXNativeTarget "CallbackNotify" */;
			buildPhases = (
				2B63A6921BDCD50600C7137A /* Sources */,
				2B63A6931BDCD50600C7137A /* Frameworks */,
				2B63A6941BDCD50600C7137A /* Resources */,
			);
			buildRules = (
			);
			dependencies = (
			);
			name = CallbackNotify;
			productName = CallbackNotify;
			productReference = 2B63A6961BDCD50600C7137A /* CallbackNotify.app */;
			productType = "com.apple.product-type.application";
		};
/* End PBXNativeTarget section */

/* Begin PBXProject section */
		2B63A68E1BDCD50600C7137A /* Project object */ = {
			isa = PBXProject;
			attributes = {
				LastUpgradeCheck = 0710;
				ORGANIZATIONNAME = "Valerii Iatsko";
				TargetAttributes = {
					2B63A6951BDCD50600C7137A = {
						CreatedOnToolsVersion = 7.1;
					};
				};
			};
			buildConfigurationList = 2B63A6911BDCD50600C7137A /* Build configuration list for PBXProject "CallbackNotify" */;
			compatibilityVersion = "Xcode 3.2";
			developmentRegion = English;
			hasScannedForEncodings = 0;
			knownRegions = (
				en,
				Base,
			);
			mainGroup = 2B63A68D1BDCD50600C7137A;
			productRefGroup = 2B63A6971BDCD50600C7137A /* Products */;
			projectDirPath = "";
			projectRoot = "";
			targets = (
				2B63A6951BDCD50600C7137A /* CallbackNotify */,
			);
		};
/* End PBXProject section */

/* Begin PBXResourcesBuildPhase section */
		2B63A6941BDCD50600C7137A /* Resources */ = {
			isa = PBXResourcesBuildPhase;
			buildActionMask = 2147483647;
			files = (
				2B63A6A01BDCD50600C7137A /* Assets.xcassets in Resources */,
				2B63A6A31BDCD50600C7137A /* MainMenu.xib in Resources */,
			);
			runOnlyForDeploymentPostprocessing = 0;
		};
/* End PBXResourcesBuildPhase section */

/* Begin PBXSourcesBuildPhase section */
		2B63A6921BDCD50600C7137A /* Sources */ = {
			isa = PBXSourcesBuildPhase;
			buildActionMask = 2147483647;
			files = (
				2B63A69E1BDCD50600C7137A /* main.m in Sources */,
				2B63A69B1BDCD50600C7137A /* AppDelegate.m in Sources */,
			);
			runOnlyForDeploymentPostprocessing = 0;
		};
/* End PBXSourcesBuildPhase section */

/* Begin PBXVariantGroup section */
		2B63A6A11BDCD50600C7137A /* MainMenu.xib */ = {
			isa = PBXVariantGroup;
			children = (
				2B63A6A21BDCD50600C7137A /* Base */,
			);
			name = MainMenu.xib;
			sourceTree = "<group>";
		};
/* End PBXVariantGroup section */

/* Begin XCBuildConfiguration section */
		2B63A6A51BDCD50600C7137A /* Debug */ = {
			isa = XCBuildConfiguration;
			buildSettings = {
				ALWAYS_SEARCH_USER_PATHS = NO;
				CLANG_CXX_LANGUAGE_STANDARD = "gnu++0x";
				CLANG_CXX_LIBRARY = "libc++";
				CLANG_ENABLE_MODULES = YES;
				CLANG_ENABLE_OBJC_ARC = YES;
				CLANG_WARN_BOOL_CONVERSION = YES;
				CLANG_WARN_CONSTANT_CONVERSION = YES;
				CLANG_WARN_DIRECT_OBJC_ISA_USAGE = YES_ERROR;
				CLANG_WARN_EMPTY_BODY = YES;
				CLANG_WARN_ENUM_CONVERSION = YES;
				CLANG_WARN_INT_CONVERSION = YES;
				CLANG_WARN_OBJC_ROOT_CLASS = YES_ERROR;
				CLANG_WARN_UNREACHABLE_CODE = YES;
				CLANG_WARN__DUPLICATE_METHOD_MATCH = YES;
				CODE_SIGN_IDENTITY = "-";
				COPY_PHASE_STRIP = NO;
				DEBUG_INFORMATION_FORMAT = dwarf;
				ENABLE_STRICT_OBJC_MSGSEND = YES;
				ENABLE_TESTABILITY = YES;
				GCC_C_LANGUAGE_STANDARD = gnu99;
				GCC_DYNAMIC_NO_PIC = NO;
				GCC_NO_COMMON_BLOCKS = YES;
				GCC_OPTIMIZATION_LEVEL = 0;
				GCC_PREPROCESSOR_DEFINITIONS = (
					"DEBUG=1",
					"$(inherited)",
				);
				GCC_WARN_64_TO_32_BIT_CONVERSION = YES;
				GCC_WARN_ABOUT_RETURN_TYPE = YES_ERROR;
				GCC_WARN_UNDECLARED_SELECTOR = YES;
				GCC_WARN_UNINITIALIZED_AUTOS = YES_AGGRESSIVE;
				GCC_WARN_UNUSED_FUNCTION = YES;
				GCC_WARN_UNUSED_VARIABLE = YES;
				MACOSX_DEPLOYMENT_TARGET = 10.11;
				MTL_ENABLE_DEBUG_INFO = YES;
				ONLY_ACTIVE_ARCH = YES;
				SDKROOT = macosx;
			};
			name = Debug;
		};
		2B63A6A61BDCD50600C7137A /* Release */ = {
			isa = XCBuildConfiguration;
			buildSettings = {
				ALWAYS_SEARCH_USER_PATHS = NO;
				CLANG_CXX_LANGUAGE_STANDARD = "gnu++0x";
				CLANG_CXX_LIBRARY = "libc++";
				CLANG_ENABLE_MODULES = YES;
				CLANG_ENABLE_OBJC_ARC = YES;
				CLANG_WARN_BOOL_CONVERSION = YES;
				CLANG_WARN_CONSTANT_CONVERSION = YES;
				CLANG_WARN_DIRECT_OBJC_ISA_USAGE = YES_ERROR;
				CLANG_WARN_EMPTY_BODY = YES;
				CLANG_WARN_ENUM_CONVERSION = YES;
				CLANG_WARN_INT_CONVERSION = YES;
				CLANG_WARN_OBJC_ROOT_CLASS = YES_ERROR;
				CLANG_WARN_UNREACHABLE_CODE = YES;
				CLANG_WARN__DUPLICATE_METHOD_MATCH = YES;
				CODE_SIGN_IDENTITY = "-";
				COPY_PHASE_STRIP = NO;
				DEBUG_INFORMATION_FORMAT = "dwarf-with-dsym";
				ENABLE_NS_ASSERTIONS = NO;
				ENABLE_STRICT_OBJC_MSGSEND = YES;
				GCC_C_LANGUAGE_STANDARD = gnu99;
				GCC_NO_COMMON_BLOCKS = YES;
				GCC_WARN_64_TO_32_BIT_CONVERSION = YES;
				GCC_WARN_ABOUT_RETURN_TYPE = YES_ERROR;
				GCC_WARN_UNDECLARED_SELECTOR = YES;
				GCC_WARN_UNINITIALIZED_AUTOS = YES_AGGRESSIVE;
				GCC_WARN_UNUSED_FUNCTION = YES;
				GCC_WARN_UNUSED_VARIABLE = YES;
				MACOSX_DEPLOYMENT_TARGET = 10.11;
				MTL_ENABLE_DEBUG_INFO = NO;
				SDKROOT = macosx;
			};
			name = Release;
		};
		2B63A6A81BDCD50600C7137A /* Debug */ = {
			isa = XCBuildConfiguration;
			buildSettings = {
				ASSETCATALOG_COMPILER_APPICON_NAME = AppIcon;
				COMBINE_HIDPI_IMAGES = YES;
				INFOPLIST_FILE = CallbackNotify/Info.plist;
				LD_RUNPATH_SEARCH_PATHS = "$(inherited) @executable_path/../Frameworks";
				PRODUCT_BUNDLE_IDENTIFIER = io.codingbox.CallbackNotify;
				PRODUCT_NAME = "$(TARGET_NAME)";
			};
			name = Debug;
		};
		2B63A6A91BDCD50600C7137A /* Release */ = {
			isa = XCBuildConfiguration;
			buildSettings = {
				ASSETCATALOG_COMPILER_APPICON_NAME = AppIcon;
				COMBINE_HIDPI_IMAGES = YES;
				INFOPLIST_FILE = CallbackNotify/Info.plist;
				LD_RUNPATH_SEARCH_PATHS = "$(inherited) @executable_path/../Frameworks";
				PRODUCT_BUNDLE_IDENTIFIER = io.codingbox.CallbackNotify;
				PRODUCT_NAME = "$(TARGET_NAME)";
			};
			name = Release;
		};
/* End XCBuildConfiguration section */

/* Begin XCConfigurationList section */
		2B63A6911BDCD50600C7137A /* Build configuration list for PBXProject "CallbackNotify" */ = {
			isa = XCConfigurationList;
			buildConfigurations = (
				2B63A6A51BDCD50600C7137A /* Debug */,
				2B63A6A61BDCD50600C7137A /* Release */,
			);
			defaultConfigurationIsVisible = 0;
			defaultConfigurationName = Release;
		};
		2B63A6A71BDCD50600C7137A /* Build configuration list for PBXNativeTarget "CallbackNotify" */ = {
			isa = XCConfigurationList;
			buildConfigurations = (
				2B63A6A81BDCD50600C7137A /* Debug */,
				2B63A6A91BDCD50600C7137A /* Release */,
			);
			defaultConfigurationIsVisible = 0;
		};
/* End XCConfigurationList section */
	};
	rootObject = 2B63A68E1BDCD50600C7137A /* Project object */;
}
